
Microsoft Visual Studio Solution File, Format Version 12.00
# Visual Studio Version 17
VisualStudioVersion = 17.11.35222.181
MinimumVisualStudioVersion = 10.0.40219.1
Project("{2150E333-8FDC-42A3-9474-1A3956D46DE8}") = "Services", "Services", "{F2858B6B-1DAC-476C-B4CB-7807EBE0EEEF}"
EndProject
Project("{2150E333-8FDC-42A3-9474-1A3956D46DE8}") = "ApiGateways", "ApiGateways", "{A3001538-3CE8-4994-AB0A-D069C81D8DCF}"
EndProject
Project("{2150E333-8FDC-42A3-9474-1A3956D46DE8}") = "BuildingBlocks", "BuildingBlocks", "{0B40796C-310D-43E3-B76E-C7570ECAB531}"
EndProject
Project("{2150E333-8FDC-42A3-9474-1A3956D46DE8}") = "FrontEnd", "FrontEnd", "{69416F7A-E405-4BCE-8BA2-657A5292602F}"
EndProject
Project("{2150E333-8FDC-42A3-9474-1A3956D46DE8}") = "Catalog", "Catalog", "{0BB35CA6-484F-4450-BE7C-7CD0968ED816}"
EndProject
Project("{9A19103F-16F7-4668-BE54-9A1E7A4F7556}") = "EShop.Service.CatalogAPI", "src\Services\Catalog\EShop.Service.CatalogAPI\EShop.Service.CatalogAPI.csproj", "{9CE8F3E2-B2C3-4FAF-A710-02482ECD3A01}"
EndProject
Project("{9A19103F-16F7-4668-BE54-9A1E7A4F7556}") = "BuidingBlocks", "src\BuidingBlocks\BuidingBlocks\BuidingBlocks.csproj", "{B3716CFD-9279-4D24-962D-DB294E7B0B6D}"
EndProject
Project("{E53339B2-1760-4266-BCC7-CA923CBCF16C}") = "docker-compose", "docker-compose.dcproj", "{F801371D-886B-4645-AF5C-A0AF09838665}"
EndProject
Project("{2150E333-8FDC-42A3-9474-1A3956D46DE8}") = "Basket", "Basket", "{4CDFBD79-4D8F-4E6A-B4F0-71983B18C81C}"
EndProject
Project("{9A19103F-16F7-4668-BE54-9A1E7A4F7556}") = "EShop.Service.BasketAPI", "src\Services\Basket\EShop.Service.BasketAPI\EShop.Service.BasketAPI.csproj", "{7B3A5DF0-766C-4A16-A0A2-64FFB59F615B}"
EndProject
Project("{2150E333-8FDC-42A3-9474-1A3956D46DE8}") = "Discount", "Discount", "{CDDBA3A8-906A-44DB-88AC-ECB168B017C1}"
EndProject
Project("{9A19103F-16F7-4668-BE54-9A1E7A4F7556}") = "EShop.Service.DiscountGRPC", "src\Services\Discount\EShop.Service.DiscountGRPC\EShop.Service.DiscountGRPC.csproj", "{57508EB3-04EA-4440-AA6F-220CD2DA75B4}"
EndProject
Project("{2150E333-8FDC-42A3-9474-1A3956D46DE8}") = "Ordering", "Ordering", "{74F8BA41-1176-4CDC-8B7E-D128D09E001E}"
EndProject
Project("{9A19103F-16F7-4668-BE54-9A1E7A4F7556}") = "EShop.Service.OrderingAPI", "src\Services\Ordering\EShop.Service.OrderingAPI\EShop.Service.OrderingAPI.csproj", "{2640C0BE-07DC-4472-8C6C-0CE5D10C0470}"
EndProject
Project("{FAE04EC0-301F-11D3-BF4B-00C04F79EFBC}") = "EShop.Service.OrderingDomain", "src\Services\Ordering\EShop.Service.OrderingDomain\EShop.Service.OrderingDomain.csproj", "{8B9ACC46-9730-4811-A179-F11863975013}"
EndProject
Project("{FAE04EC0-301F-11D3-BF4B-00C04F79EFBC}") = "EShop.Service.OrderingApplication", "src\Services\Ordering\EShop.Service.OrderingApplication\EShop.Service.OrderingApplication.csproj", "{21D0C452-68C2-4D19-A00E-925465955767}"
EndProject
Project("{FAE04EC0-301F-11D3-BF4B-00C04F79EFBC}") = "EShop.Service.OrderingInfrastructure", "src\Services\Ordering\EShop.Service.OrderingInfrastructure\EShop.Service.OrderingInfrastructure.csproj", "{976DD371-5941-4A89-A3E7-84B77AB1DC30}"
EndProject
Global
	GlobalSection(SolutionConfigurationPlatforms) = preSolution
		Debug|Any CPU = Debug|Any CPU
		Release|Any CPU = Release|Any CPU
	EndGlobalSection
	GlobalSection(ProjectConfigurationPlatforms) = postSolution
		{9CE8F3E2-B2C3-4FAF-A710-02482ECD3A01}.Debug|Any CPU.ActiveCfg = Debug|Any CPU
		{9CE8F3E2-B2C3-4FAF-A710-02482ECD3A01}.Debug|Any CPU.Build.0 = Debug|Any CPU
		{9CE8F3E2-B2C3-4FAF-A710-02482ECD3A01}.Release|Any CPU.ActiveCfg = Release|Any CPU
		{9CE8F3E2-B2C3-4FAF-A710-02482ECD3A01}.Release|Any CPU.Build.0 = Release|Any CPU
		{B3716CFD-9279-4D24-962D-DB294E7B0B6D}.Debug|Any CPU.ActiveCfg = Debug|Any CPU
		{B3716CFD-9279-4D24-962D-DB294E7B0B6D}.Debug|Any CPU.Build.0 = Debug|Any CPU
		{B3716CFD-9279-4D24-962D-DB294E7B0B6D}.Release|Any CPU.ActiveCfg = Release|Any CPU
		{B3716CFD-9279-4D24-962D-DB294E7B0B6D}.Release|Any CPU.Build.0 = Release|Any CPU
		{F801371D-886B-4645-AF5C-A0AF09838665}.Debug|Any CPU.ActiveCfg = Debug|Any CPU
		{F801371D-886B-4645-AF5C-A0AF09838665}.Debug|Any CPU.Build.0 = Debug|Any CPU
		{F801371D-886B-4645-AF5C-A0AF09838665}.Release|Any CPU.ActiveCfg = Release|Any CPU
		{F801371D-886B-4645-AF5C-A0AF09838665}.Release|Any CPU.Build.0 = Release|Any CPU
		{7B3A5DF0-766C-4A16-A0A2-64FFB59F615B}.Debug|Any CPU.ActiveCfg = Debug|Any CPU
		{7B3A5DF0-766C-4A16-A0A2-64FFB59F615B}.Debug|Any CPU.Build.0 = Debug|Any CPU
		{7B3A5DF0-766C-4A16-A0A2-64FFB59F615B}.Release|Any CPU.ActiveCfg = Release|Any CPU
		{7B3A5DF0-766C-4A16-A0A2-64FFB59F615B}.Release|Any CPU.Build.0 = Release|Any CPU
		{57508EB3-04EA-4440-AA6F-220CD2DA75B4}.Debug|Any CPU.ActiveCfg = Debug|Any CPU
		{57508EB3-04EA-4440-AA6F-220CD2DA75B4}.Debug|Any CPU.Build.0 = Debug|Any CPU
		{57508EB3-04EA-4440-AA6F-220CD2DA75B4}.Release|Any CPU.ActiveCfg = Release|Any CPU
		{57508EB3-04EA-4440-AA6F-220CD2DA75B4}.Release|Any CPU.Build.0 = Release|Any CPU
		{2640C0BE-07DC-4472-8C6C-0CE5D10C0470}.Debug|Any CPU.ActiveCfg = Debug|Any CPU
		{2640C0BE-07DC-4472-8C6C-0CE5D10C0470}.Debug|Any CPU.Build.0 = Debug|Any CPU
		{2640C0BE-07DC-4472-8C6C-0CE5D10C0470}.Release|Any CPU.ActiveCfg = Release|Any CPU
		{2640C0BE-07DC-4472-8C6C-0CE5D10C0470}.Release|Any CPU.Build.0 = Release|Any CPU
		{8B9ACC46-9730-4811-A179-F11863975013}.Debug|Any CPU.ActiveCfg = Debug|Any CPU
		{8B9ACC46-9730-4811-A179-F11863975013}.Debug|Any CPU.Build.0 = Debug|Any CPU
		{8B9ACC46-9730-4811-A179-F11863975013}.Release|Any CPU.ActiveCfg = Release|Any CPU
		{8B9ACC46-9730-4811-A179-F11863975013}.Release|Any CPU.Build.0 = Release|Any CPU
		{21D0C452-68C2-4D19-A00E-925465955767}.Debug|Any CPU.ActiveCfg = Debug|Any CPU
		{21D0C452-68C2-4D19-A00E-925465955767}.Debug|Any CPU.Build.0 = Debug|Any CPU
		{21D0C452-68C2-4D19-A00E-925465955767}.Release|Any CPU.ActiveCfg = Release|Any CPU
		{21D0C452-68C2-4D19-A00E-925465955767}.Release|Any CPU.Build.0 = Release|Any CPU
		{976DD371-5941-4A89-A3E7-84B77AB1DC30}.Debug|Any CPU.ActiveCfg = Debug|Any CPU
		{976DD371-5941-4A89-A3E7-84B77AB1DC30}.Debug|Any CPU.Build.0 = Debug|Any CPU
		{976DD371-5941-4A89-A3E7-84B77AB1DC30}.Release|Any CPU.ActiveCfg = Release|Any CPU
		{976DD371-5941-4A89-A3E7-84B77AB1DC30}.Release|Any CPU.Build.0 = Release|Any CPU
	EndGlobalSection
	GlobalSection(SolutionProperties) = preSolution
		HideSolutionNode = FALSE
	EndGlobalSection
	GlobalSection(NestedProjects) = preSolution
		{0BB35CA6-484F-4450-BE7C-7CD0968ED816} = {F2858B6B-1DAC-476C-B4CB-7807EBE0EEEF}
		{9CE8F3E2-B2C3-4FAF-A710-02482ECD3A01} = {0BB35CA6-484F-4450-BE7C-7CD0968ED816}
		{B3716CFD-9279-4D24-962D-DB294E7B0B6D} = {0B40796C-310D-43E3-B76E-C7570ECAB531}
		{4CDFBD79-4D8F-4E6A-B4F0-71983B18C81C} = {F2858B6B-1DAC-476C-B4CB-7807EBE0EEEF}
		{7B3A5DF0-766C-4A16-A0A2-64FFB59F615B} = {4CDFBD79-4D8F-4E6A-B4F0-71983B18C81C}
		{CDDBA3A8-906A-44DB-88AC-ECB168B017C1} = {F2858B6B-1DAC-476C-B4CB-7807EBE0EEEF}
		{57508EB3-04EA-4440-AA6F-220CD2DA75B4} = {CDDBA3A8-906A-44DB-88AC-ECB168B017C1}
		{74F8BA41-1176-4CDC-8B7E-D128D09E001E} = {F2858B6B-1DAC-476C-B4CB-7807EBE0EEEF}
		{2640C0BE-07DC-4472-8C6C-0CE5D10C0470} = {74F8BA41-1176-4CDC-8B7E-D128D09E001E}
		{8B9ACC46-9730-4811-A179-F11863975013} = {74F8BA41-1176-4CDC-8B7E-D128D09E001E}
		{21D0C452-68C2-4D19-A00E-925465955767} = {74F8BA41-1176-4CDC-8B7E-D128D09E001E}
		{976DD371-5941-4A89-A3E7-84B77AB1DC30} = {74F8BA41-1176-4CDC-8B7E-D128D09E001E}
	EndGlobalSection
	GlobalSection(ExtensibilityGlobals) = postSolution
		SolutionGuid = {005A41D4-32F6-4200-9783-9EB32527F7C1}
	EndGlobalSection
EndGlobal
