
Microsoft Visual Studio Solution File, Format Version 12.00
# Visual Studio Version 17
VisualStudioVersion = 17.11.35222.181
MinimumVisualStudioVersion = 10.0.40219.1
Project("{2150E333-8FDC-42A3-9474-1A3956D46DE8}") = "Services", "Services", "{F2858B6B-1DAC-476C-B4CB-7807EBE0EEEF}"
EndProject
Project("{2150E333-8FDC-42A3-9474-1A3956D46DE8}") = "ApiGateways", "ApiGateways", "{A3001538-3CE8-4994-AB0A-D069C81D8DCF}"
EndProject
Project("{2150E333-8FDC-42A3-9474-1A3956D46DE8}") = "BuildingBlocks", "BuildingBlocks", "{0B40796C-310D-43E3-B76E-C7570ECAB531}"
EndProject
Project("{2150E333-8FDC-42A3-9474-1A3956D46DE8}") = "FrontEnd", "FrontEnd", "{69416F7A-E405-4BCE-8BA2-657A5292602F}"
EndProject
Project("{2150E333-8FDC-42A3-9474-1A3956D46DE8}") = "Catalog", "Catalog", "{0BB35CA6-484F-4450-BE7C-7CD0968ED816}"
EndProject
Project("{FAE04EC0-301F-11D3-BF4B-00C04F79EFBC}") = "EShop.Service.CatalogAPI", "src\Services\EShop.Service.CatalogAPI\EShop.Service.CatalogAPI.csproj", "{EC2BE52A-4C8D-4B72-8CB9-B90CD441D22B}"
EndProject
Global
	GlobalSection(SolutionConfigurationPlatforms) = preSolution
		Debug|Any CPU = Debug|Any CPU
		Release|Any CPU = Release|Any CPU
	EndGlobalSection
	GlobalSection(ProjectConfigurationPlatforms) = postSolution
		{EC2BE52A-4C8D-4B72-8CB9-B90CD441D22B}.Debug|Any CPU.ActiveCfg = Debug|Any CPU
		{EC2BE52A-4C8D-4B72-8CB9-B90CD441D22B}.Debug|Any CPU.Build.0 = Debug|Any CPU
		{EC2BE52A-4C8D-4B72-8CB9-B90CD441D22B}.Release|Any CPU.ActiveCfg = Release|Any CPU
		{EC2BE52A-4C8D-4B72-8CB9-B90CD441D22B}.Release|Any CPU.Build.0 = Release|Any CPU
	EndGlobalSection
	GlobalSection(SolutionProperties) = preSolution
		HideSolutionNode = FALSE
	EndGlobalSection
	GlobalSection(NestedProjects) = preSolution
		{0BB35CA6-484F-4450-BE7C-7CD0968ED816} = {F2858B6B-1DAC-476C-B4CB-7807EBE0EEEF}
		{EC2BE52A-4C8D-4B72-8CB9-B90CD441D22B} = {0BB35CA6-484F-4450-BE7C-7CD0968ED816}
	EndGlobalSection
	GlobalSection(ExtensibilityGlobals) = postSolution
		SolutionGuid = {005A41D4-32F6-4200-9783-9EB32527F7C1}
	EndGlobalSection
EndGlobal
